
Microsoft Visual Studio Solution File, Format Version 12.00
# Visual Studio Version 17
VisualStudioVersion = 17.6.33829.357
MinimumVisualStudioVersion = 10.0.40219.1
Project("{FAE04EC0-301F-11D3-BF4B-00C04F79EFBC}") = "Odev", "Odev.csproj", "{365985B0-BD29-4EE2-AECE-DB99703FCCD3}"
EndProject
Global
	GlobalSection(SolutionConfigurationPlatforms) = preSolution
		Debug|Any CPU = Debug|Any CPU
		Release|Any CPU = Release|Any CPU
	EndGlobalSection
	GlobalSection(ProjectConfigurationPlatforms) = postSolution
		{365985B0-BD29-4EE2-AECE-DB99703FCCD3}.Debug|Any CPU.ActiveCfg = Debug|Any CPU
		{365985B0-BD29-4EE2-AECE-DB99703FCCD3}.Debug|Any CPU.Build.0 = Debug|Any CPU
		{365985B0-BD29-4EE2-AECE-DB99703FCCD3}.Release|Any CPU.ActiveCfg = Release|Any CPU
		{365985B0-BD29-4EE2-AECE-DB99703FCCD3}.Release|Any CPU.Build.0 = Release|Any CPU
	EndGlobalSection
	GlobalSection(SolutionProperties) = preSolution
		HideSolutionNode = FALSE
	EndGlobalSection
	GlobalSection(ExtensibilityGlobals) = postSolution
		SolutionGuid = {908D398A-7CD5-4DD8-A7C0-E5337DBEBF42}
	EndGlobalSection
EndGlobal
